# THIS IS AN AUTOGENERATED FILE. DO NOT EDIT THIS FILE DIRECTLY.
# yarn lockfile v1


"@material/animation@^0.40.1":
  version "0.40.1"
  resolved "https://registry.yarnpkg.com/@material/animation/-/animation-0.40.1.tgz#c5ff31e7d7e17324a0045e889d3530b150b9fcec"
  integrity sha512-HtxFUw04EHg4S6pXfTA3Z0wKxnNDNcDhe1Np2Y2geo+lAk2Hb7m8yCL/GaL9o2I/eRYsgUXC0U7+Mk74GCz3zw==

"@material/base@^0.40.1":
  version "0.40.1"
  resolved "https://registry.yarnpkg.com/@material/base/-/base-0.40.1.tgz#a0d8e19cee98dae0f96dbf0887a14b3f7acd2aac"
  integrity sha512-vrbOK8hONVCYgURQ9h7nkXvMdYnZVVNmAfFFijF8fbWQdwnoPcNTdqV6RoQlhBEqHYHQqLNfdUDlznAPKLclGQ==

"@material/button@^0.40.0":
  version "0.40.1"
  resolved "https://registry.yarnpkg.com/@material/button/-/button-0.40.1.tgz#b5a8657f7d3783d7fc0936f95d0187bdb0319eae"
  integrity sha512-xLNjq9zySnpZAP4UynyeXnnlLXf3iIA/6ilecwgF4d2ooUmNXcRdlRa8wGYT36JHsCfsP3AeZOjoTZUcmaiejw==
  dependencies:
    "@material/elevation" "^0.40.1"
    "@material/ripple" "^0.40.1"
    "@material/rtl" "^0.40.1"
    "@material/shape" "^0.40.1"
    "@material/theme" "^0.40.1"
    "@material/typography" "^0.40.1"

"@material/elevation@^0.40.1":
  version "0.40.1"
  resolved "https://registry.yarnpkg.com/@material/elevation/-/elevation-0.40.1.tgz#beb17eb90bde94459c41cd826c2de13f13b10b25"
  integrity sha512-VD9ii90WzI+t4df08A9hQIsYLH/N+85a2Mqo10CNVZLZYW5fDOwFH/h7553aNoAuSHKPcGCLdyav9J9oC6TSaQ==
  dependencies:
    "@material/animation" "^0.40.1"
    "@material/theme" "^0.40.1"

"@material/mwc-base@^0.3.1":
  version "0.3.1"
  resolved "https://registry.yarnpkg.com/@material/mwc-base/-/mwc-base-0.3.1.tgz#5e1440aa09e0a83633be36eb8102ff88d3fddae8"
  integrity sha512-7AdcBu6rxARcUteEBNSJKCen3hP47T/NRsfw+RMn6IedHlEGp2GKwF6YqYDCVSsQbm0IjsJ4ft4+nVXlFVYO2g==
  dependencies:
    "@polymer/lit-element" "^0.6.2"
    lit-html "^0.12.0"

"@material/mwc-button@^0.3.1":
  version "0.3.1"
  resolved "https://registry.yarnpkg.com/@material/mwc-button/-/mwc-button-0.3.1.tgz#c865144e4f2d828175a357e9f6db71c4fd780a7f"
  integrity sha512-gj2GV5uUWEHkiNyyTbCtyEcwAc1xd1nna7ckOlfhSGrKP4q5E2lIQ9Uw/qN2l+nO4K7+dAGBxIHr0sFwFyzWDQ==
  dependencies:
    "@material/button" "^0.40.0"
    "@material/mwc-base" "^0.3.1"
    "@material/mwc-icon" "^0.3.1"
    "@material/mwc-ripple" "^0.3.1"
    "@polymer/lit-element" "^0.6.2"
    lit-html "^0.12.0"

"@material/mwc-icon@^0.3.1":
  version "0.3.1"
  resolved "https://registry.yarnpkg.com/@material/mwc-icon/-/mwc-icon-0.3.1.tgz#d463b5dc07b4f39c51e8847f82bbb74787d2fd78"
  integrity sha512-T6x8yR6+L39wkHDiHEfqTv312jqR56Ksq5yLZf4sM5dnEztefS9Xv0E/cb+rrRSqwB9bKdPel/NJDyfReFxgUw==
  dependencies:
    "@material/mwc-base" "^0.3.1"
    "@polymer/lit-element" "^0.6.2"

"@material/mwc-ripple@^0.3.1":
  version "0.3.1"
  resolved "https://registry.yarnpkg.com/@material/mwc-ripple/-/mwc-ripple-0.3.1.tgz#da812516d0bd0b15b0c4793b783fbdb9e04cd7a0"
  integrity sha512-pOdBkP6NJyGz9UftvKjrx8sXvz+yIXMC8q6Qx/LgGw67tgU4qM/1Hy22iePiw1UFNhlqD8ZwtdPLXKVaisGauQ==
  dependencies:
    "@material/mwc-base" "^0.3.1"
    "@material/ripple" "^0.40.0"
    "@polymer/lit-element" "^0.6.2"
    lit-html "^0.12.0"

"@material/ripple@^0.40.0", "@material/ripple@^0.40.1":
  version "0.40.1"
  resolved "https://registry.yarnpkg.com/@material/ripple/-/ripple-0.40.1.tgz#57cbc689303b48282229cb9b62556af7442e852a"
  integrity sha512-sndeTS4VHa0v1UGj7MNcxMCuO9LJ1DjoL1EjE6BH3Lm3M1MnXJHdsBo2CgPbU/FI84tt6+eyHGOYPdPrEDJhCA==
  dependencies:
    "@material/animation" "^0.40.1"
    "@material/base" "^0.40.1"
    "@material/theme" "^0.40.1"

"@material/rtl@^0.40.1":
  version "0.40.1"
  resolved "https://registry.yarnpkg.com/@material/rtl/-/rtl-0.40.1.tgz#5b0d973e3c6f8e2ea3656c06ada37ba2fedfa206"
  integrity sha512-Pk6Iw1/KrhWZoZtkDsPMDUW0bm7Z1zeXb3MTQRCFmjf1wU5cRxgOTtuoZLcJqlcKGppLAzJL/TJV3E7KEiuL0A==

"@material/shape@^0.40.1":
  version "0.40.1"
  resolved "https://registry.yarnpkg.com/@material/shape/-/shape-0.40.1.tgz#bd4224902896c3d45fab353d788fe6c4866483a8"
  integrity sha512-o1pw5+s/jWqsKbUAkCCaEcB8XLqJ4FlZhYfSvxZ88WRw9zoWOt9iQMMP82wLWhUX1DSzpNRI8BAD7aNLK6yRlA==

"@material/theme@^0.40.1":
  version "0.40.1"
  resolved "https://registry.yarnpkg.com/@material/theme/-/theme-0.40.1.tgz#3cc3f1bf87ee9581df03e347a1979e53ae617221"
  integrity sha512-cH1CsGIDisEQ2oroZhLTypV0Ir00x3WIwFXnPo7qv3832tuIDkZY623U3rUax6KNPz4Hh1j0tNpTwgrNZwvwWA==

"@material/typography@^0.40.1":
  version "0.40.1"
  resolved "https://registry.yarnpkg.com/@material/typography/-/typography-0.40.1.tgz#68ecb767f7c54ca2f4053cccdd1c4a0198e60f9b"
  integrity sha512-LkW2tAsId8zGKxGA5VIFXV/D1h4vCHQIuALRMaDpHbNGffgr2ubtJNvCh2EQkm19MTv4igVLEjn1Svh0dXcTpA==

"@polymer/app-layout@^3.0.1":
  version "3.0.1"
  resolved "https://registry.yarnpkg.com/@polymer/app-layout/-/app-layout-3.0.1.tgz#41266a4ae358a4f180b83d1d570a260a09570a33"
  integrity sha512-Uf4gys9GSH69glSrKl7fsSeM0qeyfzat6tkym4WdZNdnLWou4sOxnAlF0Jg3ets1mumUo2U4/zVcUhPH9LJE+g==
  dependencies:
    "@polymer/iron-flex-layout" "^3.0.0-pre.26"
    "@polymer/iron-media-query" "^3.0.0-pre.26"
    "@polymer/iron-resizable-behavior" "^3.0.0-pre.26"
    "@polymer/iron-scroll-target-behavior" "^3.0.0-pre.26"
    "@polymer/polymer" "^3.0.0"

"@polymer/font-roboto@^3.0.1":
  version "3.0.2"
  resolved "https://registry.yarnpkg.com/@polymer/font-roboto/-/font-roboto-3.0.2.tgz#80cdaa7225db2359130dfb2c6d9a3be1820020c3"
  integrity sha512-tx5TauYSmzsIvmSqepUPDYbs4/Ejz2XbZ1IkD7JEGqkdNUJlh+9KU85G56Tfdk/xjEZ8zorFfN09OSwiMrIQWA==

"@polymer/iron-a11y-announcer@^3.0.0-pre.26":
  version "3.0.1"
  resolved "https://registry.yarnpkg.com/@polymer/iron-a11y-announcer/-/iron-a11y-announcer-3.0.1.tgz#62c68fda0964494fd790887a596bbda74bcbc13d"
  integrity sha512-Xiqmpz0AEEbMNGYPpbrXBIrcI/xaR4tn77pmSLfxVKGGwjEUR/YrRgyIwXp4EN7lvst1dFC8kyl2hLga0uDIVQ==
  dependencies:
    "@polymer/polymer" "^3.0.0"

"@polymer/iron-a11y-keys-behavior@^3.0.0-pre.26":
  version "3.0.1"
  resolved "https://registry.yarnpkg.com/@polymer/iron-a11y-keys-behavior/-/iron-a11y-keys-behavior-3.0.1.tgz#2868ea72912d2007ffab4734684a91f5aac49b84"
  integrity sha512-lnrjKq3ysbBPT/74l0Fj0U9H9C35Tpw2C/tpJ8a+5g8Y3YJs1WSZYnEl1yOkw6sEyaxOq/1DkzH0+60gGu5/PQ==
  dependencies:
    "@polymer/polymer" "^3.0.0"

"@polymer/iron-ajax@^3.0.0-pre.26", "@polymer/iron-ajax@^3.0.1":
  version "3.0.1"
  resolved "https://registry.yarnpkg.com/@polymer/iron-ajax/-/iron-ajax-3.0.1.tgz#831781be31ced011ac7243a46e34a775a4bb3133"
  integrity sha512-7+TPEAfWsRdhj1Y8UeF1759ktpVu+c3sG16rJiUC3wF9+woQ9xI1zUm2d59i7Yc3aDEJrR/Q8Y262KlOvyGVNg==
  dependencies:
    "@polymer/polymer" "^3.0.0"

"@polymer/iron-autogrow-textarea@^3.0.0-pre.26":
  version "3.0.1"
  resolved "https://registry.yarnpkg.com/@polymer/iron-autogrow-textarea/-/iron-autogrow-textarea-3.0.1.tgz#0205d9c5ca16f3afd505f41e9037989707d59dce"
  integrity sha512-FgSL7APrOSL9Vu812sBCFlQ17hvnJsBAV2C2e1UAiaHhB+dyfLq8gGdGUpqVWuGJ50q4Y/49QwCNnLf85AdVYA==
  dependencies:
    "@polymer/iron-behaviors" "^3.0.0-pre.26"
    "@polymer/iron-flex-layout" "^3.0.0-pre.26"
    "@polymer/iron-validatable-behavior" "^3.0.0-pre.26"
    "@polymer/polymer" "^3.0.0"

"@polymer/iron-behaviors@^3.0.0-pre.26":
  version "3.0.1"
  resolved "https://registry.yarnpkg.com/@polymer/iron-behaviors/-/iron-behaviors-3.0.1.tgz#a3b6f876779a7f0a91a15e4423890968b6525901"
  integrity sha512-IMEwcv1lhf1HSQxuyWOUIL0lOBwmeaoSTpgCJeP9IBYnuB1SPQngmfRuHKgK6/m9LQ9F9miC7p3HeQQUdKAE0w==
  dependencies:
    "@polymer/iron-a11y-keys-behavior" "^3.0.0-pre.26"
    "@polymer/polymer" "^3.0.0"

"@polymer/iron-fit-behavior@^3.0.0-pre.26":
  version "3.0.1"
  resolved "https://registry.yarnpkg.com/@polymer/iron-fit-behavior/-/iron-fit-behavior-3.0.1.tgz#e5c26b0b4d9e74f0c3d6d56b9cfd460e84bddf0d"
  integrity sha512-/M0B1L30k31vmwNBaGuZcxzUAhJSHoGccb/DF0CDKI/hT8UlkTvcyemaWdOpmHHLgY52ceKIkRwA3AeXrKyvaQ==
  dependencies:
    "@polymer/polymer" "^3.0.0"

"@polymer/iron-flex-layout@^3.0.0-pre.26":
  version "3.0.1"
  resolved "https://registry.yarnpkg.com/@polymer/iron-flex-layout/-/iron-flex-layout-3.0.1.tgz#36f9e1a8eb792d279b2bc75d362628721ad37f0c"
  integrity sha512-7gB869czArF+HZcPTVSgvA7tXYFze9EKckvM95NB7SqYF+NnsQyhoXgKnpFwGyo95lUjUW9TFDLUwDXnCYFtkw==
  dependencies:
    "@polymer/polymer" "^3.0.0"

"@polymer/iron-form-element-behavior@^3.0.0-pre.26":
  version "3.0.1"
  resolved "https://registry.yarnpkg.com/@polymer/iron-form-element-behavior/-/iron-form-element-behavior-3.0.1.tgz#4c79e1981d7796ce659e997f3b8f5e14b4a075a4"
  integrity sha512-G/e2KXyL5AY7mMjmomHkGpgS0uAf4ovNpKhkuUTRnMuMJuf589bKqE85KN4ovE1Tzhv2hJoh/igyD6ekHiYU1A==
  dependencies:
    "@polymer/polymer" "^3.0.0"

"@polymer/iron-form@^3.0.1":
  version "3.0.1"
  resolved "https://registry.yarnpkg.com/@polymer/iron-form/-/iron-form-3.0.1.tgz#f34a0d3663b9f357fb1d3eac882415a7f0fd4831"
  integrity sha512-JwSQXHjYALsytCeBkXlY8aRwqgZuYIqzOk3iHuugb1RXOdZ7MZHyJhMDVBbscHjxqPKu/KaVzAjrcfwNNafzEA==
  dependencies:
    "@polymer/iron-ajax" "^3.0.0-pre.26"
    "@polymer/polymer" "^3.0.0"

"@polymer/iron-input@^3.0.0-pre.26":
  version "3.0.1"
  resolved "https://registry.yarnpkg.com/@polymer/iron-input/-/iron-input-3.0.1.tgz#dc866a25107f9b38d9ca4512dd9a3e51b78b4915"
  integrity sha512-WLx13kEcbH9GKbj9+pWR6pbJkA5kxn3796ynx6eQd2rueMyUfVTR3GzOvadBKsciUuIuzrxpBWZ2+3UcueVUQQ==
  dependencies:
    "@polymer/iron-a11y-announcer" "^3.0.0-pre.26"
    "@polymer/iron-validatable-behavior" "^3.0.0-pre.26"
    "@polymer/polymer" "^3.0.0"

"@polymer/iron-media-query@^3.0.0-pre.26":
  version "3.0.1"
  resolved "https://registry.yarnpkg.com/@polymer/iron-media-query/-/iron-media-query-3.0.1.tgz#5cd8a1c1e8c9b8bafd3dd5da14e0f8d2cfa76d83"
  integrity sha512-czUX1pm1zfmfcZtq5J57XFkcobBv08Y50exp0/3v8Bos5VL/jv2tU0RwiTfDBxUMhjicGbgwEBFQPY2V5DMzyw==
  dependencies:
    "@polymer/polymer" "^3.0.0"

"@polymer/iron-meta@^3.0.0-pre.26":
  version "3.0.1"
  resolved "https://registry.yarnpkg.com/@polymer/iron-meta/-/iron-meta-3.0.1.tgz#7f140628d127b0a284f882f1bb323a261bc125f5"
  integrity sha512-pWguPugiLYmWFV9UWxLWzZ6gm4wBwQdDy4VULKwdHCqR7OP7u98h+XDdGZsSlDPv6qoryV/e3tGHlTIT0mbzJA==
  dependencies:
    "@polymer/polymer" "^3.0.0"

"@polymer/iron-overlay-behavior@^3.0.0-pre.27":
  version "3.0.2"
  resolved "https://registry.yarnpkg.com/@polymer/iron-overlay-behavior/-/iron-overlay-behavior-3.0.2.tgz#6a12a3f4eab4721eb6978ed950be534c9c283983"
  integrity sha512-j1qmt6mJHCwpe1mKOvqK5kcCUPQr5LSrlqpgRDbUuLgUfNJ/vGTipjrkBlfbEUagm5FEQdc1VLPLSQP6WVuP9g==
  dependencies:
    "@polymer/iron-a11y-keys-behavior" "^3.0.0-pre.26"
    "@polymer/iron-fit-behavior" "^3.0.0-pre.26"
    "@polymer/iron-resizable-behavior" "^3.0.0-pre.26"
    "@polymer/polymer" "^3.0.0"

"@polymer/iron-resizable-behavior@^3.0.0-pre.26":
  version "3.0.1"
  resolved "https://registry.yarnpkg.com/@polymer/iron-resizable-behavior/-/iron-resizable-behavior-3.0.1.tgz#e284348ed7c1c7e263f7039297532fa954025ea2"
  integrity sha512-FyHxRxFspVoRaeZSWpT3y0C9awomb4tXXolIJcZ7RvXhMP632V5lez+ch5G5SwK0LpnAPkg35eB0LPMFv+YMMQ==
  dependencies:
    "@polymer/polymer" "^3.0.0"

"@polymer/iron-scroll-target-behavior@^3.0.0-pre.26":
  version "3.0.1"
  resolved "https://registry.yarnpkg.com/@polymer/iron-scroll-target-behavior/-/iron-scroll-target-behavior-3.0.1.tgz#29fa644b320fb29ab6c68eb6d08a6520157764ac"
  integrity sha512-xg1WanG25BIkQE8rhuReqY9zx1K5M7F+YAIYpswEp5eyDIaZ1Y3vUmVeQ3KG+hiSugzI1M752azXN7kvyhOBcQ==
  dependencies:
    "@polymer/polymer" "^3.0.0"

"@polymer/iron-selector@^3.0.0-pre.26":
  version "3.0.1"
  resolved "https://registry.yarnpkg.com/@polymer/iron-selector/-/iron-selector-3.0.1.tgz#e845bec58489c96b4e7609525532437869ad5a88"
  integrity sha512-sBVk2uas6prW0glUe2xEJJYlvxmYzM40Au9OKbfDK2Qekou/fLKcBRyIYI39kuI8zWRaip8f3CI8qXcUHnKb1A==
  dependencies:
    "@polymer/polymer" "^3.0.0"

"@polymer/iron-validatable-behavior@^3.0.0-pre.26":
  version "3.0.1"
  resolved "https://registry.yarnpkg.com/@polymer/iron-validatable-behavior/-/iron-validatable-behavior-3.0.1.tgz#73538f005a07741c31b6fc1e981168c3d3e0d92b"
  integrity sha512-wwpYh6wOa4fNI+jH5EYKC7TVPYQ2OfgQqocWat7GsNWcsblKYhLYbwsvEY5nO0n2xKqNfZzDLrUom5INJN7msQ==
  dependencies:
    "@polymer/iron-meta" "^3.0.0-pre.26"
    "@polymer/polymer" "^3.0.0"

"@polymer/lit-element@^0.6.2":
  version "0.6.2"
  resolved "https://registry.yarnpkg.com/@polymer/lit-element/-/lit-element-0.6.2.tgz#589f2fa19e84d23c1debb2c329cbab758ae30581"
  integrity sha512-4NWvK6SyAyyeW1mQ24ZVR+rtqZNHZ2JWnVTsPF/1iXnmmPwnpLs8mz0HRqz5adyoyt96ed/y2dsDwGBktJYyew==
  dependencies:
    lit-html "^0.12.0"

"@polymer/neon-animation@^3.0.0-pre.26":
  version "3.0.1"
  resolved "https://registry.yarnpkg.com/@polymer/neon-animation/-/neon-animation-3.0.1.tgz#6658e4b524abc057477772a7473292493d366c24"
  integrity sha512-cDDc0llpVCe0ATbDS3clDthI54Bc8YwZIeTGGmBJleKOvbRTUC5+ssJmRL+VwVh+VM5FlnQlx760ppftY3uprg==
  dependencies:
    "@polymer/iron-resizable-behavior" "^3.0.0-pre.26"
    "@polymer/iron-selector" "^3.0.0-pre.26"
    "@polymer/polymer" "^3.0.0"

"@polymer/paper-dialog-behavior@^3.0.0-pre.26":
  version "3.0.1"
  resolved "https://registry.yarnpkg.com/@polymer/paper-dialog-behavior/-/paper-dialog-behavior-3.0.1.tgz#819b2fbb9444c1c318ddf55f02819bb29a85657b"
  integrity sha512-wbI4kCK8le/9MHT+IXzvHjoatxf3kd3Yn0tgozAiAwfSZ7N4Ubpi5MHrK0m9S9PeIxKokAgBYdTUrezSE5378A==
  dependencies:
    "@polymer/iron-overlay-behavior" "^3.0.0-pre.27"
    "@polymer/paper-styles" "^3.0.0-pre.26"
    "@polymer/polymer" "^3.0.0"

"@polymer/paper-dialog@^3.0.1":
  version "3.0.1"
  resolved "https://registry.yarnpkg.com/@polymer/paper-dialog/-/paper-dialog-3.0.1.tgz#728ebdbfc4d35ec1485e543434cef5dba476f15e"
  integrity sha512-KvglYbEq7AWJvui2j6WKLnOvgVMeGjovAydGrPRj7kVzCiD49Eq/hpYFJTRV5iDcalWH+mORUpw+jrFnG9+Kgw==
  dependencies:
    "@polymer/iron-overlay-behavior" "^3.0.0-pre.27"
    "@polymer/neon-animation" "^3.0.0-pre.26"
    "@polymer/paper-dialog-behavior" "^3.0.0-pre.26"
    "@polymer/polymer" "^3.0.0"

"@polymer/paper-input@^3.0.1":
  version "3.0.1"
  resolved "https://registry.yarnpkg.com/@polymer/paper-input/-/paper-input-3.0.1.tgz#ec711a131af74f10553bbf1125971ddc354afe62"
  integrity sha512-th6fuP6PyQEBJSWVtJQ/ZsoQp8Zysq4bRIOg2uGZsNX6gfm6AVoMph5pXOlS8RHoVDDYDG9GRjQib7JPSWKkrw==
  dependencies:
    "@polymer/iron-a11y-keys-behavior" "^3.0.0-pre.26"
    "@polymer/iron-autogrow-textarea" "^3.0.0-pre.26"
    "@polymer/iron-behaviors" "^3.0.0-pre.26"
    "@polymer/iron-form-element-behavior" "^3.0.0-pre.26"
    "@polymer/iron-input" "^3.0.0-pre.26"
    "@polymer/paper-styles" "^3.0.0-pre.26"
    "@polymer/polymer" "^3.0.0"

"@polymer/paper-spinner@^3.0.1":
  version "3.0.1"
  resolved "https://registry.yarnpkg.com/@polymer/paper-spinner/-/paper-spinner-3.0.1.tgz#e19fd9413ce78981783509831dc23ef52878db57"
  integrity sha512-MYIU6qWZnhZ5yNFOBzROPgBteGfxKEnDZ6bCgjrvUtJkBuQEz0MQZzSE/zmZc0oaJ9u5QK5xAFuYdudsGv7+sQ==
  dependencies:
    "@polymer/paper-styles" "^3.0.0-pre.26"
    "@polymer/polymer" "^3.0.0"

"@polymer/paper-styles@^3.0.0-pre.26", "@polymer/paper-styles@^3.0.1":
  version "3.0.1"
  resolved "https://registry.yarnpkg.com/@polymer/paper-styles/-/paper-styles-3.0.1.tgz#bd4962b83ab8432cd1cf197bb5222d3a08f135e1"
  integrity sha512-y6hmObLqlCx602TQiSBKHqjwkE7xmDiFkoxdYGaNjtv4xcysOTdVJsDR/R9UHwIaxJ7gHlthMSykir1nv78++g==
  dependencies:
    "@polymer/font-roboto" "^3.0.1"
    "@polymer/iron-flex-layout" "^3.0.0-pre.26"
    "@polymer/polymer" "^3.0.0"

"@polymer/paper-toast@^3.0.1":
  version "3.0.1"
  resolved "https://registry.yarnpkg.com/@polymer/paper-toast/-/paper-toast-3.0.1.tgz#213aa3373909cee7c8e17299cf70fa2603bfb358"
  integrity sha512-pizuogzObniDdICUc6dSLrnDt2VzzoRne1gCmbD6sfOATVv5tc8UfrqhA2iHngbNBEbniBiciS3iogdp5KTVUQ==
  dependencies:
    "@polymer/iron-a11y-announcer" "^3.0.0-pre.26"
    "@polymer/iron-fit-behavior" "^3.0.0-pre.26"
    "@polymer/iron-overlay-behavior" "^3.0.0-pre.27"
    "@polymer/polymer" "^3.0.0"

"@polymer/polymer@^3.0.0":
  version "3.0.2"
  resolved "https://registry.yarnpkg.com/@polymer/polymer/-/polymer-3.0.2.tgz#626e6f9fae9716b0962ce0211e21df242153eab2"
  dependencies:
    "@webcomponents/shadycss" "^1.2.0"

"@webcomponents/shadycss@^1.2.0":
  version "1.2.1"
  resolved "https://registry.yarnpkg.com/@webcomponents/shadycss/-/shadycss-1.2.1.tgz#6e4a88534657807c8398b4bc196d0ca492182d54"

"@webcomponents/webcomponentsjs@^2.1.3":
  version "2.1.3"
  resolved "https://registry.yarnpkg.com/@webcomponents/webcomponentsjs/-/webcomponentsjs-2.1.3.tgz#f7430c6efe52ab06f69d219fddd32afd2758f683"
  integrity sha512-0UHJNY88lR3pnEYtBVT7F8cuuxOiITQGWJa0LxoELqkBSB7IabzJFOj5K99PajD3CGAsWpjB0CAeijfe376Y1w==

"js-tokens@^3.0.0 || ^4.0.0":
  version "4.0.0"
  resolved "https://registry.yarnpkg.com/js-tokens/-/js-tokens-4.0.0.tgz#19203fb59991df98e3a287050d4647cdeaf32499"
  integrity sha512-RdJUflcE3cUzKiMqQgsCu06FPu9UdIJO0beYbPhHN4k6apgJtifcoCtT9bcxOpYBtpD2kCM6Sbzg4CausW/PKQ==

lit-html@^0.12.0:
  version "0.12.0"
  resolved "https://registry.yarnpkg.com/lit-html/-/lit-html-0.12.0.tgz#d994420fda74744f9d4a79401b086de929643e6a"
  integrity sha512-NyFgq8yTlGEjUFQOmNnK/kj+ZdDVJzTwsLunNSewGiOns7SjuJi6ymCCqzZZ81uW2VwEmliMbOlFZc9QmOJPLA==

loose-envify@^1.4.0:
  version "1.4.0"
  resolved "https://registry.yarnpkg.com/loose-envify/-/loose-envify-1.4.0.tgz#71ee51fa7be4caec1a63839f7e682d8132d30caf"
  integrity sha512-lyuxPGr/Wfhrlem2CL/UcnUc1zcqKAImBDzukY7Y5F/yQiNdko6+fRLevlw1HgMySw7f611UIY408EtxRSoK3Q==
  dependencies:
    js-tokens "^3.0.0 || ^4.0.0"

pwa-helpers@^0.9.0:
  version "0.9.0"
  resolved "https://registry.yarnpkg.com/pwa-helpers/-/pwa-helpers-0.9.0.tgz#88bc7c60842c7179ab643d337ab20bb252e5bf9d"
  integrity sha512-lFj0udSHHqEJdf+SmAp8Y9yRJ8s1ieQIbvt4mWXn6NXUOO9ntLXNLBi8PMJGBPkc32cG4nJ6yuJrHzOxC5ZTXw==

redux-thunk@^2.3.0:
  version "2.3.0"
  resolved "https://registry.yarnpkg.com/redux-thunk/-/redux-thunk-2.3.0.tgz#51c2c19a185ed5187aaa9a2d08b666d0d6467622"
  integrity sha512-km6dclyFnmcvxhAcrQV2AkZmPQjzPDjgVlQtR0EQjxZPyJ0BnMf3in1ryuR8A2qU0HldVRfxYXbFSKlI3N7Slw==

redux@^4.0.1:
  version "4.0.1"
  resolved "https://registry.yarnpkg.com/redux/-/redux-4.0.1.tgz#436cae6cc40fbe4727689d7c8fae44808f1bfef5"
  integrity sha512-R7bAtSkk7nY6O/OYMVR9RiBI+XghjF9rlbl5806HJbQph0LJVHZrU5oaO4q70eUKiqMRqm4y07KLTlMZ2BlVmg==
  dependencies:
    loose-envify "^1.4.0"
    symbol-observable "^1.2.0"

symbol-observable@^1.2.0:
  version "1.2.0"
  resolved "https://registry.yarnpkg.com/symbol-observable/-/symbol-observable-1.2.0.tgz#c22688aed4eab3cdc2dfeacbb561660560a00804"
